{
  "version": 4,
  "terraform_version": "1.5.7",
  "serial": 35,
  "lineage": "9095b53a-3d28-2f4a-13a5-427ab7943e46",
  "outputs": {
    "api_sa_email": {
      "value": "api-sa-8fd82014@sandbox-471809.iam.gserviceaccount.com",
      "type": "string"
    },
    "artifact_registry_url": {
      "value": "asia-northeast1-docker.pkg.dev/sandbox-471809/project-progress-db",
      "type": "string"
    },
    "pubsub_invoker_email": {
      "value": "pubsub-invoker-8fd82014@sandbox-471809.iam.gserviceaccount.com",
      "type": "string"
    },
    "secrets_to_populate": {
      "value": "Please populate the following secrets manually:\n  \n1. OAuth Client ID:\n   gcloud secrets versions add oauth-client-id --data-file=- \u003c\u003c\u003c \"YOUR_OAUTH_CLIENT_ID\"\n  \n2. OAuth Client Secret:\n   gcloud secrets versions add oauth-client-secret --data-file=- \u003c\u003c\u003c \"YOUR_OAUTH_CLIENT_SECRET\"\n  \n3. JWT Secret Key (generate a random key):\n   python3 -c \"import secrets; print(secrets.token_urlsafe(32))\" | gcloud secrets versions add jwt-secret-key --data-file=-\n",
      "type": "string"
    },
    "worker_sa_email": {
      "value": "worker-sa-8fd82014@sandbox-471809.iam.gserviceaccount.com",
      "type": "string"
    }
  },
  "resources": [
    {
      "mode": "data",
      "type": "google_project",
      "name": "project",
      "provider": "provider[\"registry.terraform.io/hashicorp/google\"]",
      "instances": [
        {
          "schema_version": 0,
          "attributes": {
            "auto_create_network": null,
            "billing_account": "01DCA8-2EE06F-DF62F6",
            "deletion_policy": "PREVENT",
            "effective_labels": {
              "earth-engine": "",
              "firebase": "enabled",
              "firebase-core": "disabled"
            },
            "folder_id": "",
            "id": "projects/sandbox-471809",
            "labels": {
              "earth-engine": "",
              "firebase": "enabled",
              "firebase-core": "disabled"
            },
            "name": "sandbox",
            "number": "29226667525",
            "org_id": "567154526544",
            "project_id": "sandbox-471809",
            "tags": null,
            "terraform_labels": {
              "earth-engine": "",
              "firebase": "enabled",
              "firebase-core": "disabled"
            }
          },
          "sensitive_attributes": []
        }
      ]
    },
    {
      "mode": "managed",
      "type": "google_artifact_registry_repository",
      "name": "docker_repo",
      "provider": "provider[\"registry.terraform.io/hashicorp/google\"]",
      "instances": [
        {
          "schema_version": 0,
          "attributes": {
            "cleanup_policies": [
              {
                "action": "DELETE",
                "condition": [
                  {
                    "newer_than": "",
                    "older_than": "2592000s",
                    "package_name_prefixes": [],
                    "tag_prefixes": [],
                    "tag_state": "ANY",
                    "version_name_prefixes": []
                  }
                ],
                "id": "delete-old-images",
                "most_recent_versions": []
              },
              {
                "action": "KEEP",
                "condition": [],
                "id": "keep-minimum-versions",
                "most_recent_versions": [
                  {
                    "keep_count": 5,
                    "package_name_prefixes": []
                  }
                ]
              }
            ],
            "cleanup_policy_dry_run": false,
            "create_time": "2025-11-26T02:05:08.053472Z",
            "description": "Docker repository for Project Progress DB services",
            "docker_config": [],
            "effective_labels": {
              "goog-terraform-provisioned": "true"
            },
            "format": "DOCKER",
            "id": "projects/sandbox-471809/locations/asia-northeast1/repositories/project-progress-db",
            "kms_key_name": "",
            "labels": null,
            "location": "asia-northeast1",
            "maven_config": [],
            "mode": "STANDARD_REPOSITORY",
            "name": "project-progress-db",
            "project": "sandbox-471809",
            "registry_uri": "asia-northeast1-docker.pkg.dev/sandbox-471809/project-progress-db",
            "remote_repository_config": [],
            "repository_id": "project-progress-db",
            "terraform_labels": {
              "goog-terraform-provisioned": "true"
            },
            "timeouts": null,
            "update_time": "2025-11-26T02:05:08.053472Z",
            "virtual_repository_config": [],
            "vulnerability_scanning_config": [
              {
                "enablement_config": "",
                "enablement_state": "SCANNING_DISABLED",
                "enablement_state_reason": "API containerscanning.googleapis.com is not enabled."
              }
            ]
          },
          "sensitive_attributes": [],
          "private": "eyJlMmJmYjczMC1lY2FhLTExZTYtOGY4OC0zNDM2M2JjN2M0YzAiOnsiY3JlYXRlIjoxMjAwMDAwMDAwMDAwLCJkZWxldGUiOjEyMDAwMDAwMDAwMDAsInVwZGF0ZSI6MTIwMDAwMDAwMDAwMH19"
        }
      ]
    },
    {
      "mode": "managed",
      "type": "google_bigquery_dataset",
      "name": "main",
      "provider": "provider[\"registry.terraform.io/hashicorp/google\"]",
      "instances": [
        {
          "schema_version": 0,
          "attributes": {
            "access": [
              {
                "condition": [],
                "dataset": [],
                "domain": "",
                "group_by_email": "",
                "iam_member": "",
                "role": "OWNER",
                "routine": [],
                "special_group": "",
                "user_by_email": "kumemura@datafluct.com",
                "view": []
              },
              {
                "condition": [],
                "dataset": [],
                "domain": "",
                "group_by_email": "",
                "iam_member": "",
                "role": "OWNER",
                "routine": [],
                "special_group": "projectOwners",
                "user_by_email": "",
                "view": []
              },
              {
                "condition": [],
                "dataset": [],
                "domain": "",
                "group_by_email": "",
                "iam_member": "",
                "role": "READER",
                "routine": [],
                "special_group": "projectReaders",
                "user_by_email": "",
                "view": []
              },
              {
                "condition": [],
                "dataset": [],
                "domain": "",
                "group_by_email": "",
                "iam_member": "",
                "role": "WRITER",
                "routine": [],
                "special_group": "projectWriters",
                "user_by_email": "",
                "view": []
              }
            ],
            "creation_time": 1764040783599,
            "dataset_id": "project_progress_db",
            "default_collation": "",
            "default_encryption_configuration": [],
            "default_partition_expiration_ms": 0,
            "default_table_expiration_ms": 0,
            "delete_contents_on_destroy": false,
            "description": "Dataset for Project Progress DB MVP",
            "effective_labels": {
              "goog-terraform-provisioned": "true"
            },
            "etag": "+djOlCKt3DiniaHxiXLO8A==",
            "external_catalog_dataset_options": [],
            "external_dataset_reference": [],
            "friendly_name": "Project Progress DB",
            "id": "projects/sandbox-471809/datasets/project_progress_db",
            "is_case_insensitive": false,
            "labels": {},
            "last_modified_time": 1764040783599,
            "location": "asia-northeast1",
            "max_time_travel_hours": "168",
            "project": "sandbox-471809",
            "resource_tags": {},
            "self_link": "https://bigquery.googleapis.com/bigquery/v2/projects/sandbox-471809/datasets/project_progress_db",
            "storage_billing_model": "",
            "terraform_labels": {
              "goog-terraform-provisioned": "true"
            },
            "timeouts": null
          },
          "sensitive_attributes": [],
          "private": "eyJlMmJmYjczMC1lY2FhLTExZTYtOGY4OC0zNDM2M2JjN2M0YzAiOnsiY3JlYXRlIjoxMjAwMDAwMDAwMDAwLCJkZWxldGUiOjEyMDAwMDAwMDAwMDAsInVwZGF0ZSI6MTIwMDAwMDAwMDAwMH19"
        }
      ]
    },
    {
      "mode": "managed",
      "type": "google_bigquery_table",
      "name": "decisions",
      "provider": "provider[\"registry.terraform.io/hashicorp/google\"]",
      "instances": [
        {
          "schema_version": 0,
          "attributes": {
            "biglake_configuration": [],
            "clustering": null,
            "creation_time": 1764122706649,
            "dataset_id": "project_progress_db",
            "deletion_protection": true,
            "description": "",
            "effective_labels": {
              "goog-terraform-provisioned": "true"
            },
            "encryption_configuration": [],
            "etag": "ROX/JxBi+UOtcL/X9S4t8Q==",
            "expiration_time": 0,
            "external_catalog_table_options": [],
            "external_data_configuration": [],
            "friendly_name": "",
            "generated_schema_columns": "",
            "id": "projects/sandbox-471809/datasets/project_progress_db/tables/decisions",
            "ignore_auto_generated_schema": false,
            "ignore_schema_changes": null,
            "labels": null,
            "last_modified_time": 1764122706702,
            "location": "asia-northeast1",
            "materialized_view": [],
            "max_staleness": "",
            "num_bytes": 0,
            "num_long_term_bytes": 0,
            "num_rows": 0,
            "project": "sandbox-471809",
            "range_partitioning": [],
            "require_partition_filter": false,
            "resource_tags": null,
            "schema": "[{\"mode\":\"REQUIRED\",\"name\":\"decision_id\",\"type\":\"STRING\"},{\"mode\":\"NULLABLE\",\"name\":\"tenant_id\",\"type\":\"STRING\"},{\"mode\":\"NULLABLE\",\"name\":\"meeting_id\",\"type\":\"STRING\"},{\"mode\":\"NULLABLE\",\"name\":\"project_id\",\"type\":\"STRING\"},{\"mode\":\"NULLABLE\",\"name\":\"decision_content\",\"type\":\"STRING\"},{\"mode\":\"NULLABLE\",\"name\":\"created_at\",\"type\":\"TIMESTAMP\"},{\"mode\":\"NULLABLE\",\"name\":\"source_sentence\",\"type\":\"STRING\"}]",
            "schema_foreign_type_info": [],
            "self_link": "https://bigquery.googleapis.com/bigquery/v2/projects/sandbox-471809/datasets/project_progress_db/tables/decisions",
            "table_constraints": [],
            "table_id": "decisions",
            "table_metadata_view": null,
            "table_replication_info": [],
            "terraform_labels": {
              "goog-terraform-provisioned": "true"
            },
            "time_partitioning": [],
            "type": "TABLE",
            "view": []
          },
          "sensitive_attributes": [],
          "private": "bnVsbA==",
          "dependencies": [
            "google_bigquery_dataset.main"
          ]
        }
      ]
    },
    {
      "mode": "managed",
      "type": "google_bigquery_table",
      "name": "meetings",
      "provider": "provider[\"registry.terraform.io/hashicorp/google\"]",
      "instances": [
        {
          "schema_version": 0,
          "attributes": {
            "biglake_configuration": [],
            "clustering": null,
            "creation_time": 1764040787023,
            "dataset_id": "project_progress_db",
            "deletion_protection": true,
            "description": "",
            "effective_labels": {
              "goog-terraform-provisioned": "true"
            },
            "encryption_configuration": [],
            "etag": "kkqdHbFHuTZ5DlGqlF66tQ==",
            "expiration_time": 0,
            "external_catalog_table_options": [],
            "external_data_configuration": [],
            "friendly_name": "",
            "generated_schema_columns": "",
            "id": "projects/sandbox-471809/datasets/project_progress_db/tables/meetings",
            "ignore_auto_generated_schema": false,
            "ignore_schema_changes": null,
            "labels": {},
            "last_modified_time": 1764040787049,
            "location": "asia-northeast1",
            "materialized_view": [],
            "max_staleness": "",
            "num_bytes": 0,
            "num_long_term_bytes": 0,
            "num_rows": 0,
            "project": "sandbox-471809",
            "range_partitioning": [],
            "require_partition_filter": false,
            "resource_tags": {},
            "schema": "[{\"mode\":\"REQUIRED\",\"name\":\"meeting_id\",\"type\":\"STRING\"},{\"mode\":\"NULLABLE\",\"name\":\"tenant_id\",\"type\":\"STRING\"},{\"mode\":\"NULLABLE\",\"name\":\"meeting_date\",\"type\":\"DATE\"},{\"mode\":\"NULLABLE\",\"name\":\"title\",\"type\":\"STRING\"},{\"mode\":\"NULLABLE\",\"name\":\"source_file_uri\",\"type\":\"STRING\"},{\"mode\":\"NULLABLE\",\"name\":\"language\",\"type\":\"STRING\"},{\"mode\":\"NULLABLE\",\"name\":\"created_at\",\"type\":\"TIMESTAMP\"},{\"mode\":\"NULLABLE\",\"name\":\"status\",\"type\":\"STRING\"},{\"mode\":\"NULLABLE\",\"name\":\"error_message\",\"type\":\"STRING\"}]",
            "schema_foreign_type_info": [],
            "self_link": "https://bigquery.googleapis.com/bigquery/v2/projects/sandbox-471809/datasets/project_progress_db/tables/meetings",
            "table_constraints": [],
            "table_id": "meetings",
            "table_metadata_view": null,
            "table_replication_info": [],
            "terraform_labels": {
              "goog-terraform-provisioned": "true"
            },
            "time_partitioning": [],
            "type": "TABLE",
            "view": []
          },
          "sensitive_attributes": [],
          "private": "bnVsbA==",
          "dependencies": [
            "google_bigquery_dataset.main"
          ]
        }
      ]
    },
    {
      "mode": "managed",
      "type": "google_bigquery_table",
      "name": "projects",
      "provider": "provider[\"registry.terraform.io/hashicorp/google\"]",
      "instances": [
        {
          "schema_version": 0,
          "attributes": {
            "biglake_configuration": [],
            "clustering": null,
            "creation_time": 1764040787033,
            "dataset_id": "project_progress_db",
            "deletion_protection": true,
            "description": "",
            "effective_labels": {
              "goog-terraform-provisioned": "true"
            },
            "encryption_configuration": [],
            "etag": "FeCatY8bwGWtf1EkOFFSKg==",
            "expiration_time": 0,
            "external_catalog_table_options": [],
            "external_data_configuration": [],
            "friendly_name": "",
            "generated_schema_columns": "",
            "id": "projects/sandbox-471809/datasets/project_progress_db/tables/projects",
            "ignore_auto_generated_schema": false,
            "ignore_schema_changes": null,
            "labels": {},
            "last_modified_time": 1764040787074,
            "location": "asia-northeast1",
            "materialized_view": [],
            "max_staleness": "",
            "num_bytes": 0,
            "num_long_term_bytes": 0,
            "num_rows": 0,
            "project": "sandbox-471809",
            "range_partitioning": [],
            "require_partition_filter": false,
            "resource_tags": {},
            "schema": "[{\"mode\":\"REQUIRED\",\"name\":\"project_id\",\"type\":\"STRING\"},{\"mode\":\"NULLABLE\",\"name\":\"tenant_id\",\"type\":\"STRING\"},{\"mode\":\"NULLABLE\",\"name\":\"project_name\",\"type\":\"STRING\"},{\"mode\":\"NULLABLE\",\"name\":\"latest_meeting_id\",\"type\":\"STRING\"},{\"mode\":\"NULLABLE\",\"name\":\"created_at\",\"type\":\"TIMESTAMP\"},{\"mode\":\"NULLABLE\",\"name\":\"updated_at\",\"type\":\"TIMESTAMP\"}]",
            "schema_foreign_type_info": [],
            "self_link": "https://bigquery.googleapis.com/bigquery/v2/projects/sandbox-471809/datasets/project_progress_db/tables/projects",
            "table_constraints": [],
            "table_id": "projects",
            "table_metadata_view": null,
            "table_replication_info": [],
            "terraform_labels": {
              "goog-terraform-provisioned": "true"
            },
            "time_partitioning": [],
            "type": "TABLE",
            "view": []
          },
          "sensitive_attributes": [],
          "private": "bnVsbA==",
          "dependencies": [
            "google_bigquery_dataset.main"
          ]
        }
      ]
    },
    {
      "mode": "managed",
      "type": "google_bigquery_table",
      "name": "risks",
      "provider": "provider[\"registry.terraform.io/hashicorp/google\"]",
      "instances": [
        {
          "schema_version": 0,
          "attributes": {
            "biglake_configuration": [],
            "clustering": null,
            "creation_time": 1764040786462,
            "dataset_id": "project_progress_db",
            "deletion_protection": true,
            "description": "",
            "effective_labels": {
              "goog-terraform-provisioned": "true"
            },
            "encryption_configuration": [],
            "etag": "1b4hvqKCloC9ebOtnkqaXQ==",
            "expiration_time": 0,
            "external_catalog_table_options": [],
            "external_data_configuration": [],
            "friendly_name": "",
            "generated_schema_columns": "",
            "id": "projects/sandbox-471809/datasets/project_progress_db/tables/risks",
            "ignore_auto_generated_schema": false,
            "ignore_schema_changes": null,
            "labels": {},
            "last_modified_time": 1764040786507,
            "location": "asia-northeast1",
            "materialized_view": [],
            "max_staleness": "",
            "num_bytes": 0,
            "num_long_term_bytes": 0,
            "num_rows": 0,
            "project": "sandbox-471809",
            "range_partitioning": [],
            "require_partition_filter": false,
            "resource_tags": {},
            "schema": "[{\"mode\":\"REQUIRED\",\"name\":\"risk_id\",\"type\":\"STRING\"},{\"mode\":\"NULLABLE\",\"name\":\"tenant_id\",\"type\":\"STRING\"},{\"mode\":\"NULLABLE\",\"name\":\"meeting_id\",\"type\":\"STRING\"},{\"mode\":\"NULLABLE\",\"name\":\"project_id\",\"type\":\"STRING\"},{\"mode\":\"NULLABLE\",\"name\":\"risk_description\",\"type\":\"STRING\"},{\"mode\":\"NULLABLE\",\"name\":\"risk_level\",\"type\":\"STRING\"},{\"mode\":\"NULLABLE\",\"name\":\"likelihood\",\"type\":\"STRING\"},{\"mode\":\"NULLABLE\",\"name\":\"impact\",\"type\":\"STRING\"},{\"mode\":\"NULLABLE\",\"name\":\"owner\",\"type\":\"STRING\"},{\"mode\":\"NULLABLE\",\"name\":\"created_at\",\"type\":\"TIMESTAMP\"},{\"mode\":\"NULLABLE\",\"name\":\"source_sentence\",\"type\":\"STRING\"}]",
            "schema_foreign_type_info": [],
            "self_link": "https://bigquery.googleapis.com/bigquery/v2/projects/sandbox-471809/datasets/project_progress_db/tables/risks",
            "table_constraints": [],
            "table_id": "risks",
            "table_metadata_view": null,
            "table_replication_info": [],
            "terraform_labels": {
              "goog-terraform-provisioned": "true"
            },
            "time_partitioning": [],
            "type": "TABLE",
            "view": []
          },
          "sensitive_attributes": [],
          "private": "bnVsbA==",
          "dependencies": [
            "google_bigquery_dataset.main"
          ]
        }
      ]
    },
    {
      "mode": "managed",
      "type": "google_bigquery_table",
      "name": "tasks",
      "provider": "provider[\"registry.terraform.io/hashicorp/google\"]",
      "instances": [
        {
          "schema_version": 0,
          "attributes": {
            "biglake_configuration": [],
            "clustering": null,
            "creation_time": 1764040786472,
            "dataset_id": "project_progress_db",
            "deletion_protection": true,
            "description": "",
            "effective_labels": {
              "goog-terraform-provisioned": "true"
            },
            "encryption_configuration": [],
            "etag": "hk3h63PCXizJT8crUirftw==",
            "expiration_time": 0,
            "external_catalog_table_options": [],
            "external_data_configuration": [],
            "friendly_name": "",
            "generated_schema_columns": "",
            "id": "projects/sandbox-471809/datasets/project_progress_db/tables/tasks",
            "ignore_auto_generated_schema": false,
            "ignore_schema_changes": null,
            "labels": {},
            "last_modified_time": 1764040786506,
            "location": "asia-northeast1",
            "materialized_view": [],
            "max_staleness": "",
            "num_bytes": 0,
            "num_long_term_bytes": 0,
            "num_rows": 0,
            "project": "sandbox-471809",
            "range_partitioning": [],
            "require_partition_filter": false,
            "resource_tags": {},
            "schema": "[{\"mode\":\"REQUIRED\",\"name\":\"task_id\",\"type\":\"STRING\"},{\"mode\":\"NULLABLE\",\"name\":\"tenant_id\",\"type\":\"STRING\"},{\"mode\":\"NULLABLE\",\"name\":\"meeting_id\",\"type\":\"STRING\"},{\"mode\":\"NULLABLE\",\"name\":\"project_id\",\"type\":\"STRING\"},{\"mode\":\"NULLABLE\",\"name\":\"task_title\",\"type\":\"STRING\"},{\"mode\":\"NULLABLE\",\"name\":\"task_description\",\"type\":\"STRING\"},{\"mode\":\"NULLABLE\",\"name\":\"owner\",\"type\":\"STRING\"},{\"mode\":\"NULLABLE\",\"name\":\"owner_email\",\"type\":\"STRING\"},{\"mode\":\"NULLABLE\",\"name\":\"due_date\",\"type\":\"DATE\"},{\"mode\":\"NULLABLE\",\"name\":\"status\",\"type\":\"STRING\"},{\"mode\":\"NULLABLE\",\"name\":\"priority\",\"type\":\"STRING\"},{\"mode\":\"NULLABLE\",\"name\":\"created_at\",\"type\":\"TIMESTAMP\"},{\"mode\":\"NULLABLE\",\"name\":\"updated_at\",\"type\":\"TIMESTAMP\"},{\"mode\":\"NULLABLE\",\"name\":\"source_sentence\",\"type\":\"STRING\"}]",
            "schema_foreign_type_info": [],
            "self_link": "https://bigquery.googleapis.com/bigquery/v2/projects/sandbox-471809/datasets/project_progress_db/tables/tasks",
            "table_constraints": [],
            "table_id": "tasks",
            "table_metadata_view": null,
            "table_replication_info": [],
            "terraform_labels": {
              "goog-terraform-provisioned": "true"
            },
            "time_partitioning": [],
            "type": "TABLE",
            "view": []
          },
          "sensitive_attributes": [],
          "private": "bnVsbA==",
          "dependencies": [
            "google_bigquery_dataset.main"
          ]
        }
      ]
    },
    {
      "mode": "managed",
      "type": "google_cloud_run_service",
      "name": "api",
      "provider": "provider[\"registry.terraform.io/hashicorp/google\"]",
      "instances": []
    },
    {
      "mode": "managed",
      "type": "google_cloud_run_service",
      "name": "frontend",
      "provider": "provider[\"registry.terraform.io/hashicorp/google\"]",
      "instances": []
    },
    {
      "mode": "managed",
      "type": "google_cloud_run_service",
      "name": "worker",
      "provider": "provider[\"registry.terraform.io/hashicorp/google\"]",
      "instances": [
        {
          "status": "tainted",
          "schema_version": 2,
          "attributes": {
            "autogenerate_revision_name": false,
            "id": "locations/asia-northeast1/namespaces/sandbox-471809/services/project-progress-worker-prod",
            "location": "asia-northeast1",
            "metadata": null,
            "name": "project-progress-worker-prod",
            "project": "sandbox-471809",
            "status": null,
            "template": [
              {
                "metadata": [
                  {
                    "annotations": {
                      "autoscaling.knative.dev/maxScale": "10",
                      "autoscaling.knative.dev/minScale": "0"
                    },
                    "generation": 0,
                    "labels": {},
                    "name": "",
                    "namespace": "",
                    "resource_version": "",
                    "self_link": "",
                    "uid": ""
                  }
                ],
                "spec": [
                  {
                    "container_concurrency": 0,
                    "containers": [
                      {
                        "args": null,
                        "command": null,
                        "env": [
                          {
                            "name": "BIGQUERY_DATASET",
                            "value": "project_progress_db",
                            "value_from": []
                          },
                          {
                            "name": "PROJECT_ID",
                            "value": "sandbox-471809",
                            "value_from": []
                          },
                          {
                            "name": "REGION",
                            "value": "asia-northeast1",
                            "value_from": []
                          }
                        ],
                        "env_from": [],
                        "image": "asia-northeast1-docker.pkg.dev/sandbox-471809/project-progress-db/worker:latest",
                        "liveness_probe": [],
                        "name": "",
                        "ports": [
                          {
                            "container_port": 8080,
                            "name": "",
                            "protocol": ""
                          }
                        ],
                        "readiness_probe": [],
                        "resources": [
                          {
                            "limits": {
                              "cpu": "2",
                              "memory": "1Gi"
                            },
                            "requests": null
                          }
                        ],
                        "startup_probe": [],
                        "volume_mounts": [],
                        "working_dir": ""
                      }
                    ],
                    "node_selector": null,
                    "service_account_name": "worker-sa-8fd82014@sandbox-471809.iam.gserviceaccount.com",
                    "serving_state": "",
                    "timeout_seconds": 0,
                    "volumes": []
                  }
                ]
              }
            ],
            "timeouts": null,
            "traffic": [
              {
                "latest_revision": true,
                "percent": 100,
                "revision_name": "",
                "tag": "",
                "url": ""
              }
            ]
          },
          "sensitive_attributes": [],
          "private": "eyJlMmJmYjczMC1lY2FhLTExZTYtOGY4OC0zNDM2M2JjN2M0YzAiOnsiY3JlYXRlIjoxMjAwMDAwMDAwMDAwLCJkZWxldGUiOjEyMDAwMDAwMDAwMDAsInVwZGF0ZSI6MTIwMDAwMDAwMDAwMH0sInNjaGVtYV92ZXJzaW9uIjoiMiJ9",
          "dependencies": [
            "google_project_service.run_api",
            "google_service_account.worker_sa"
          ]
        }
      ]
    },
    {
      "mode": "managed",
      "type": "google_cloud_run_service_iam_member",
      "name": "api_public",
      "provider": "provider[\"registry.terraform.io/hashicorp/google\"]",
      "instances": []
    },
    {
      "mode": "managed",
      "type": "google_cloud_run_service_iam_member",
      "name": "frontend_public",
      "provider": "provider[\"registry.terraform.io/hashicorp/google\"]",
      "instances": []
    },
    {
      "mode": "managed",
      "type": "google_cloud_run_service_iam_member",
      "name": "worker_pubsub_invoker",
      "provider": "provider[\"registry.terraform.io/hashicorp/google\"]",
      "instances": []
    },
    {
      "mode": "managed",
      "type": "google_project_iam_member",
      "name": "api_sa_bq",
      "provider": "provider[\"registry.terraform.io/hashicorp/google\"]",
      "instances": [
        {
          "schema_version": 0,
          "attributes": {
            "condition": [],
            "etag": "BwZEdV+DHvs=",
            "id": "sandbox-471809/roles/bigquery.dataEditor/serviceAccount:api-sa-8fd82014@sandbox-471809.iam.gserviceaccount.com",
            "member": "serviceAccount:api-sa-8fd82014@sandbox-471809.iam.gserviceaccount.com",
            "project": "sandbox-471809",
            "role": "roles/bigquery.dataEditor"
          },
          "sensitive_attributes": [],
          "private": "bnVsbA==",
          "dependencies": [
            "google_service_account.api_sa",
            "random_id.sa_suffix"
          ]
        }
      ]
    },
    {
      "mode": "managed",
      "type": "google_project_iam_member",
      "name": "api_sa_pubsub",
      "provider": "provider[\"registry.terraform.io/hashicorp/google\"]",
      "instances": [
        {
          "schema_version": 0,
          "attributes": {
            "condition": [],
            "etag": "BwZEdV+DHvs=",
            "id": "sandbox-471809/roles/pubsub.publisher/serviceAccount:api-sa-8fd82014@sandbox-471809.iam.gserviceaccount.com",
            "member": "serviceAccount:api-sa-8fd82014@sandbox-471809.iam.gserviceaccount.com",
            "project": "sandbox-471809",
            "role": "roles/pubsub.publisher"
          },
          "sensitive_attributes": [],
          "private": "bnVsbA==",
          "dependencies": [
            "google_service_account.api_sa",
            "random_id.sa_suffix"
          ]
        }
      ]
    },
    {
      "mode": "managed",
      "type": "google_project_iam_member",
      "name": "api_sa_storage",
      "provider": "provider[\"registry.terraform.io/hashicorp/google\"]",
      "instances": [
        {
          "schema_version": 0,
          "attributes": {
            "condition": [],
            "etag": "BwZEdV+DHvs=",
            "id": "sandbox-471809/roles/storage.admin/serviceAccount:api-sa-8fd82014@sandbox-471809.iam.gserviceaccount.com",
            "member": "serviceAccount:api-sa-8fd82014@sandbox-471809.iam.gserviceaccount.com",
            "project": "sandbox-471809",
            "role": "roles/storage.admin"
          },
          "sensitive_attributes": [],
          "private": "bnVsbA==",
          "dependencies": [
            "google_service_account.api_sa",
            "random_id.sa_suffix"
          ]
        }
      ]
    },
    {
      "mode": "managed",
      "type": "google_project_iam_member",
      "name": "worker_sa_ai",
      "provider": "provider[\"registry.terraform.io/hashicorp/google\"]",
      "instances": [
        {
          "schema_version": 0,
          "attributes": {
            "condition": [],
            "etag": "BwZEdV+DHvs=",
            "id": "sandbox-471809/roles/aiplatform.user/serviceAccount:worker-sa-8fd82014@sandbox-471809.iam.gserviceaccount.com",
            "member": "serviceAccount:worker-sa-8fd82014@sandbox-471809.iam.gserviceaccount.com",
            "project": "sandbox-471809",
            "role": "roles/aiplatform.user"
          },
          "sensitive_attributes": [],
          "private": "bnVsbA==",
          "dependencies": [
            "google_service_account.worker_sa",
            "random_id.sa_suffix"
          ]
        }
      ]
    },
    {
      "mode": "managed",
      "type": "google_project_iam_member",
      "name": "worker_sa_bq",
      "provider": "provider[\"registry.terraform.io/hashicorp/google\"]",
      "instances": [
        {
          "schema_version": 0,
          "attributes": {
            "condition": [],
            "etag": "BwZEdV+DHvs=",
            "id": "sandbox-471809/roles/bigquery.dataEditor/serviceAccount:worker-sa-8fd82014@sandbox-471809.iam.gserviceaccount.com",
            "member": "serviceAccount:worker-sa-8fd82014@sandbox-471809.iam.gserviceaccount.com",
            "project": "sandbox-471809",
            "role": "roles/bigquery.dataEditor"
          },
          "sensitive_attributes": [],
          "private": "bnVsbA==",
          "dependencies": [
            "google_service_account.worker_sa",
            "random_id.sa_suffix"
          ]
        }
      ]
    },
    {
      "mode": "managed",
      "type": "google_project_iam_member",
      "name": "worker_sa_storage",
      "provider": "provider[\"registry.terraform.io/hashicorp/google\"]",
      "instances": [
        {
          "schema_version": 0,
          "attributes": {
            "condition": [],
            "etag": "BwZEdV+DHvs=",
            "id": "sandbox-471809/roles/storage.objectViewer/serviceAccount:worker-sa-8fd82014@sandbox-471809.iam.gserviceaccount.com",
            "member": "serviceAccount:worker-sa-8fd82014@sandbox-471809.iam.gserviceaccount.com",
            "project": "sandbox-471809",
            "role": "roles/storage.objectViewer"
          },
          "sensitive_attributes": [],
          "private": "bnVsbA==",
          "dependencies": [
            "google_service_account.worker_sa",
            "random_id.sa_suffix"
          ]
        }
      ]
    },
    {
      "mode": "managed",
      "type": "google_project_service",
      "name": "aiplatform_api",
      "provider": "provider[\"registry.terraform.io/hashicorp/google\"]",
      "instances": [
        {
          "schema_version": 0,
          "attributes": {
            "disable_dependent_services": null,
            "disable_on_destroy": false,
            "id": "sandbox-471809/aiplatform.googleapis.com",
            "project": "sandbox-471809",
            "service": "aiplatform.googleapis.com",
            "timeouts": null
          },
          "sensitive_attributes": [],
          "private": "eyJlMmJmYjczMC1lY2FhLTExZTYtOGY4OC0zNDM2M2JjN2M0YzAiOnsiY3JlYXRlIjoxMjAwMDAwMDAwMDAwLCJkZWxldGUiOjEyMDAwMDAwMDAwMDAsInJlYWQiOjYwMDAwMDAwMDAwMCwidXBkYXRlIjoxMjAwMDAwMDAwMDAwfX0="
        }
      ]
    },
    {
      "mode": "managed",
      "type": "google_project_service",
      "name": "artifactregistry_api",
      "provider": "provider[\"registry.terraform.io/hashicorp/google\"]",
      "instances": [
        {
          "schema_version": 0,
          "attributes": {
            "disable_dependent_services": null,
            "disable_on_destroy": false,
            "id": "sandbox-471809/artifactregistry.googleapis.com",
            "project": "sandbox-471809",
            "service": "artifactregistry.googleapis.com",
            "timeouts": null
          },
          "sensitive_attributes": [],
          "private": "eyJlMmJmYjczMC1lY2FhLTExZTYtOGY4OC0zNDM2M2JjN2M0YzAiOnsiY3JlYXRlIjoxMjAwMDAwMDAwMDAwLCJkZWxldGUiOjEyMDAwMDAwMDAwMDAsInJlYWQiOjYwMDAwMDAwMDAwMCwidXBkYXRlIjoxMjAwMDAwMDAwMDAwfX0="
        }
      ]
    },
    {
      "mode": "managed",
      "type": "google_project_service",
      "name": "bigquery_api",
      "provider": "provider[\"registry.terraform.io/hashicorp/google\"]",
      "instances": [
        {
          "schema_version": 0,
          "attributes": {
            "disable_dependent_services": null,
            "disable_on_destroy": false,
            "id": "sandbox-471809/bigquery.googleapis.com",
            "project": "sandbox-471809",
            "service": "bigquery.googleapis.com",
            "timeouts": null
          },
          "sensitive_attributes": [],
          "private": "eyJlMmJmYjczMC1lY2FhLTExZTYtOGY4OC0zNDM2M2JjN2M0YzAiOnsiY3JlYXRlIjoxMjAwMDAwMDAwMDAwLCJkZWxldGUiOjEyMDAwMDAwMDAwMDAsInJlYWQiOjYwMDAwMDAwMDAwMCwidXBkYXRlIjoxMjAwMDAwMDAwMDAwfX0="
        }
      ]
    },
    {
      "mode": "managed",
      "type": "google_project_service",
      "name": "cloudbuild_api",
      "provider": "provider[\"registry.terraform.io/hashicorp/google\"]",
      "instances": [
        {
          "schema_version": 0,
          "attributes": {
            "disable_dependent_services": null,
            "disable_on_destroy": false,
            "id": "sandbox-471809/cloudbuild.googleapis.com",
            "project": "sandbox-471809",
            "service": "cloudbuild.googleapis.com",
            "timeouts": null
          },
          "sensitive_attributes": [],
          "private": "eyJlMmJmYjczMC1lY2FhLTExZTYtOGY4OC0zNDM2M2JjN2M0YzAiOnsiY3JlYXRlIjoxMjAwMDAwMDAwMDAwLCJkZWxldGUiOjEyMDAwMDAwMDAwMDAsInJlYWQiOjYwMDAwMDAwMDAwMCwidXBkYXRlIjoxMjAwMDAwMDAwMDAwfX0="
        }
      ]
    },
    {
      "mode": "managed",
      "type": "google_project_service",
      "name": "run_api",
      "provider": "provider[\"registry.terraform.io/hashicorp/google\"]",
      "instances": [
        {
          "schema_version": 0,
          "attributes": {
            "disable_dependent_services": null,
            "disable_on_destroy": false,
            "id": "sandbox-471809/run.googleapis.com",
            "project": "sandbox-471809",
            "service": "run.googleapis.com",
            "timeouts": null
          },
          "sensitive_attributes": [],
          "private": "eyJlMmJmYjczMC1lY2FhLTExZTYtOGY4OC0zNDM2M2JjN2M0YzAiOnsiY3JlYXRlIjoxMjAwMDAwMDAwMDAwLCJkZWxldGUiOjEyMDAwMDAwMDAwMDAsInJlYWQiOjYwMDAwMDAwMDAwMCwidXBkYXRlIjoxMjAwMDAwMDAwMDAwfX0="
        }
      ]
    },
    {
      "mode": "managed",
      "type": "google_pubsub_subscription",
      "name": "upload_events_sub",
      "provider": "provider[\"registry.terraform.io/hashicorp/google\"]",
      "instances": [
        {
          "schema_version": 0,
          "attributes": {
            "ack_deadline_seconds": 10,
            "bigquery_config": [],
            "cloud_storage_config": [],
            "dead_letter_policy": [],
            "effective_labels": {
              "goog-terraform-provisioned": "true"
            },
            "enable_exactly_once_delivery": false,
            "enable_message_ordering": false,
            "expiration_policy": [
              {
                "ttl": "2678400s"
              }
            ],
            "filter": "",
            "id": "projects/sandbox-471809/subscriptions/upload-events-sub",
            "labels": {},
            "message_retention_duration": "604800s",
            "message_transforms": [],
            "name": "upload-events-sub",
            "project": "sandbox-471809",
            "push_config": [],
            "retain_acked_messages": false,
            "retry_policy": [],
            "tags": null,
            "terraform_labels": {
              "goog-terraform-provisioned": "true"
            },
            "timeouts": null,
            "topic": "projects/sandbox-471809/topics/upload-events"
          },
          "sensitive_attributes": [],
          "private": "eyJlMmJmYjczMC1lY2FhLTExZTYtOGY4OC0zNDM2M2JjN2M0YzAiOnsiY3JlYXRlIjoxMjAwMDAwMDAwMDAwLCJkZWxldGUiOjEyMDAwMDAwMDAwMDAsInVwZGF0ZSI6MTIwMDAwMDAwMDAwMH19",
          "dependencies": [
            "google_cloud_run_service.worker",
            "google_cloud_run_service_iam_member.worker_pubsub_invoker",
            "google_project_service.run_api",
            "google_pubsub_topic.dead_letter",
            "google_pubsub_topic.upload_events",
            "google_service_account.pubsub_invoker",
            "google_service_account.worker_sa",
            "random_id.sa_suffix"
          ]
        }
      ]
    },
    {
      "mode": "managed",
      "type": "google_pubsub_topic",
      "name": "dead_letter",
      "provider": "provider[\"registry.terraform.io/hashicorp/google\"]",
      "instances": [
        {
          "schema_version": 0,
          "attributes": {
            "effective_labels": {
              "goog-terraform-provisioned": "true"
            },
            "id": "projects/sandbox-471809/topics/upload-events-dead-letter",
            "ingestion_data_source_settings": [],
            "kms_key_name": "",
            "labels": null,
            "message_retention_duration": "",
            "message_storage_policy": [],
            "message_transforms": [],
            "name": "upload-events-dead-letter",
            "project": "sandbox-471809",
            "schema_settings": [],
            "tags": null,
            "terraform_labels": {
              "goog-terraform-provisioned": "true"
            },
            "timeouts": null
          },
          "sensitive_attributes": [],
          "private": "eyJlMmJmYjczMC1lY2FhLTExZTYtOGY4OC0zNDM2M2JjN2M0YzAiOnsiY3JlYXRlIjoxMjAwMDAwMDAwMDAwLCJkZWxldGUiOjEyMDAwMDAwMDAwMDAsInVwZGF0ZSI6MTIwMDAwMDAwMDAwMH19"
        }
      ]
    },
    {
      "mode": "managed",
      "type": "google_pubsub_topic",
      "name": "upload_events",
      "provider": "provider[\"registry.terraform.io/hashicorp/google\"]",
      "instances": [
        {
          "schema_version": 0,
          "attributes": {
            "effective_labels": {
              "goog-terraform-provisioned": "true"
            },
            "id": "projects/sandbox-471809/topics/upload-events",
            "ingestion_data_source_settings": [],
            "kms_key_name": "",
            "labels": {},
            "message_retention_duration": "",
            "message_storage_policy": [],
            "message_transforms": [],
            "name": "upload-events",
            "project": "sandbox-471809",
            "schema_settings": [],
            "tags": null,
            "terraform_labels": {
              "goog-terraform-provisioned": "true"
            },
            "timeouts": null
          },
          "sensitive_attributes": [],
          "private": "eyJlMmJmYjczMC1lY2FhLTExZTYtOGY4OC0zNDM2M2JjN2M0YzAiOnsiY3JlYXRlIjoxMjAwMDAwMDAwMDAwLCJkZWxldGUiOjEyMDAwMDAwMDAwMDAsInVwZGF0ZSI6MTIwMDAwMDAwMDAwMH19"
        }
      ]
    },
    {
      "mode": "managed",
      "type": "google_pubsub_topic_iam_member",
      "name": "dead_letter_publisher",
      "provider": "provider[\"registry.terraform.io/hashicorp/google\"]",
      "instances": [
        {
          "schema_version": 0,
          "attributes": {
            "condition": [],
            "etag": "BwZEddOX83U=",
            "id": "projects/sandbox-471809/topics/upload-events-dead-letter/roles/pubsub.publisher/serviceAccount:service-29226667525@gcp-sa-pubsub.iam.gserviceaccount.com",
            "member": "serviceAccount:service-29226667525@gcp-sa-pubsub.iam.gserviceaccount.com",
            "project": "sandbox-471809",
            "role": "roles/pubsub.publisher",
            "topic": "projects/sandbox-471809/topics/upload-events-dead-letter"
          },
          "sensitive_attributes": [],
          "private": "bnVsbA==",
          "dependencies": [
            "data.google_project.project",
            "google_pubsub_topic.dead_letter"
          ]
        }
      ]
    },
    {
      "mode": "managed",
      "type": "google_secret_manager_secret",
      "name": "oauth_client_id",
      "provider": "provider[\"registry.terraform.io/hashicorp/google\"]",
      "instances": [
        {
          "schema_version": 0,
          "attributes": {
            "annotations": null,
            "create_time": "2025-11-26T02:05:06.584756Z",
            "deletion_protection": false,
            "effective_annotations": {},
            "effective_labels": {
              "goog-terraform-provisioned": "true"
            },
            "expire_time": "",
            "id": "projects/sandbox-471809/secrets/oauth-client-id",
            "labels": null,
            "name": "projects/29226667525/secrets/oauth-client-id",
            "project": "sandbox-471809",
            "replication": [
              {
                "auto": [
                  {
                    "customer_managed_encryption": []
                  }
                ],
                "user_managed": []
              }
            ],
            "rotation": [],
            "secret_id": "oauth-client-id",
            "tags": null,
            "terraform_labels": {
              "goog-terraform-provisioned": "true"
            },
            "timeouts": null,
            "topics": [],
            "ttl": null,
            "version_aliases": null,
            "version_destroy_ttl": ""
          },
          "sensitive_attributes": [],
          "private": "eyJlMmJmYjczMC1lY2FhLTExZTYtOGY4OC0zNDM2M2JjN2M0YzAiOnsiY3JlYXRlIjoxMjAwMDAwMDAwMDAwLCJkZWxldGUiOjEyMDAwMDAwMDAwMDAsInVwZGF0ZSI6MTIwMDAwMDAwMDAwMH19"
        }
      ]
    },
    {
      "mode": "managed",
      "type": "google_secret_manager_secret",
      "name": "oauth_client_secret",
      "provider": "provider[\"registry.terraform.io/hashicorp/google\"]",
      "instances": [
        {
          "schema_version": 0,
          "attributes": {
            "annotations": null,
            "create_time": "2025-11-26T02:05:06.620627Z",
            "deletion_protection": false,
            "effective_annotations": {},
            "effective_labels": {
              "goog-terraform-provisioned": "true"
            },
            "expire_time": "",
            "id": "projects/sandbox-471809/secrets/oauth-client-secret",
            "labels": null,
            "name": "projects/29226667525/secrets/oauth-client-secret",
            "project": "sandbox-471809",
            "replication": [
              {
                "auto": [
                  {
                    "customer_managed_encryption": []
                  }
                ],
                "user_managed": []
              }
            ],
            "rotation": [],
            "secret_id": "oauth-client-secret",
            "tags": null,
            "terraform_labels": {
              "goog-terraform-provisioned": "true"
            },
            "timeouts": null,
            "topics": [],
            "ttl": null,
            "version_aliases": null,
            "version_destroy_ttl": ""
          },
          "sensitive_attributes": [],
          "private": "eyJlMmJmYjczMC1lY2FhLTExZTYtOGY4OC0zNDM2M2JjN2M0YzAiOnsiY3JlYXRlIjoxMjAwMDAwMDAwMDAwLCJkZWxldGUiOjEyMDAwMDAwMDAwMDAsInVwZGF0ZSI6MTIwMDAwMDAwMDAwMH19"
        }
      ]
    },
    {
      "mode": "managed",
      "type": "google_secret_manager_secret_iam_member",
      "name": "api_jwt_secret",
      "provider": "provider[\"registry.terraform.io/hashicorp/google\"]",
      "instances": []
    },
    {
      "mode": "managed",
      "type": "google_secret_manager_secret_iam_member",
      "name": "api_oauth_client_id",
      "provider": "provider[\"registry.terraform.io/hashicorp/google\"]",
      "instances": [
        {
          "schema_version": 0,
          "attributes": {
            "condition": [],
            "etag": "BwZEddNoqB0=",
            "id": "projects/sandbox-471809/secrets/oauth-client-id/roles/secretmanager.secretAccessor/serviceAccount:api-sa-8fd82014@sandbox-471809.iam.gserviceaccount.com",
            "member": "serviceAccount:api-sa-8fd82014@sandbox-471809.iam.gserviceaccount.com",
            "project": "sandbox-471809",
            "role": "roles/secretmanager.secretAccessor",
            "secret_id": "projects/sandbox-471809/secrets/oauth-client-id"
          },
          "sensitive_attributes": [],
          "private": "bnVsbA==",
          "dependencies": [
            "google_secret_manager_secret.oauth_client_id",
            "google_service_account.api_sa"
          ]
        }
      ]
    },
    {
      "mode": "managed",
      "type": "google_secret_manager_secret_iam_member",
      "name": "api_oauth_client_secret",
      "provider": "provider[\"registry.terraform.io/hashicorp/google\"]",
      "instances": [
        {
          "schema_version": 0,
          "attributes": {
            "condition": [],
            "etag": "BwZEddN38B0=",
            "id": "projects/sandbox-471809/secrets/oauth-client-secret/roles/secretmanager.secretAccessor/serviceAccount:api-sa-8fd82014@sandbox-471809.iam.gserviceaccount.com",
            "member": "serviceAccount:api-sa-8fd82014@sandbox-471809.iam.gserviceaccount.com",
            "project": "sandbox-471809",
            "role": "roles/secretmanager.secretAccessor",
            "secret_id": "projects/sandbox-471809/secrets/oauth-client-secret"
          },
          "sensitive_attributes": [],
          "private": "bnVsbA==",
          "dependencies": [
            "google_secret_manager_secret.oauth_client_secret",
            "google_service_account.api_sa"
          ]
        }
      ]
    },
    {
      "mode": "managed",
      "type": "google_service_account",
      "name": "api_sa",
      "provider": "provider[\"registry.terraform.io/hashicorp/google\"]",
      "instances": [
        {
          "schema_version": 0,
          "attributes": {
            "account_id": "api-sa-8fd82014",
            "create_ignore_already_exists": null,
            "description": "",
            "disabled": false,
            "display_name": "API Service Account",
            "email": "api-sa-8fd82014@sandbox-471809.iam.gserviceaccount.com",
            "id": "projects/sandbox-471809/serviceAccounts/api-sa-8fd82014@sandbox-471809.iam.gserviceaccount.com",
            "member": "serviceAccount:api-sa-8fd82014@sandbox-471809.iam.gserviceaccount.com",
            "name": "projects/sandbox-471809/serviceAccounts/api-sa-8fd82014@sandbox-471809.iam.gserviceaccount.com",
            "project": "sandbox-471809",
            "timeouts": null,
            "unique_id": "109822979770852239234"
          },
          "sensitive_attributes": [],
          "private": "eyJlMmJmYjczMC1lY2FhLTExZTYtOGY4OC0zNDM2M2JjN2M0YzAiOnsiY3JlYXRlIjozMDAwMDAwMDAwMDB9fQ==",
          "dependencies": [
            "random_id.sa_suffix"
          ]
        }
      ]
    },
    {
      "mode": "managed",
      "type": "google_service_account",
      "name": "pubsub_invoker",
      "provider": "provider[\"registry.terraform.io/hashicorp/google\"]",
      "instances": [
        {
          "schema_version": 0,
          "attributes": {
            "account_id": "pubsub-invoker-8fd82014",
            "create_ignore_already_exists": null,
            "description": "",
            "disabled": false,
            "display_name": "Pub/Sub Cloud Run Invoker",
            "email": "pubsub-invoker-8fd82014@sandbox-471809.iam.gserviceaccount.com",
            "id": "projects/sandbox-471809/serviceAccounts/pubsub-invoker-8fd82014@sandbox-471809.iam.gserviceaccount.com",
            "member": "serviceAccount:pubsub-invoker-8fd82014@sandbox-471809.iam.gserviceaccount.com",
            "name": "projects/sandbox-471809/serviceAccounts/pubsub-invoker-8fd82014@sandbox-471809.iam.gserviceaccount.com",
            "project": "sandbox-471809",
            "timeouts": null,
            "unique_id": "109085170998762728068"
          },
          "sensitive_attributes": [],
          "private": "eyJlMmJmYjczMC1lY2FhLTExZTYtOGY4OC0zNDM2M2JjN2M0YzAiOnsiY3JlYXRlIjozMDAwMDAwMDAwMDB9fQ==",
          "dependencies": [
            "random_id.sa_suffix"
          ]
        }
      ]
    },
    {
      "mode": "managed",
      "type": "google_service_account",
      "name": "worker_sa",
      "provider": "provider[\"registry.terraform.io/hashicorp/google\"]",
      "instances": [
        {
          "schema_version": 0,
          "attributes": {
            "account_id": "worker-sa-8fd82014",
            "create_ignore_already_exists": null,
            "description": "",
            "disabled": false,
            "display_name": "Worker Service Account",
            "email": "worker-sa-8fd82014@sandbox-471809.iam.gserviceaccount.com",
            "id": "projects/sandbox-471809/serviceAccounts/worker-sa-8fd82014@sandbox-471809.iam.gserviceaccount.com",
            "member": "serviceAccount:worker-sa-8fd82014@sandbox-471809.iam.gserviceaccount.com",
            "name": "projects/sandbox-471809/serviceAccounts/worker-sa-8fd82014@sandbox-471809.iam.gserviceaccount.com",
            "project": "sandbox-471809",
            "timeouts": null,
            "unique_id": "113054114395554163700"
          },
          "sensitive_attributes": [],
          "private": "eyJlMmJmYjczMC1lY2FhLTExZTYtOGY4OC0zNDM2M2JjN2M0YzAiOnsiY3JlYXRlIjozMDAwMDAwMDAwMDB9fQ==",
          "dependencies": [
            "random_id.sa_suffix"
          ]
        }
      ]
    },
    {
      "mode": "managed",
      "type": "google_storage_bucket",
      "name": "meeting_notes_raw",
      "provider": "provider[\"registry.terraform.io/hashicorp/google\"]",
      "instances": [
        {
          "schema_version": 4,
          "attributes": {
            "autoclass": [],
            "cors": [],
            "custom_placement_config": [],
            "default_event_based_hold": false,
            "effective_labels": {
              "goog-terraform-provisioned": "true"
            },
            "enable_object_retention": false,
            "encryption": [],
            "force_destroy": true,
            "hierarchical_namespace": [
              {
                "enabled": false
              }
            ],
            "id": "sandbox-471809-meeting-notes-raw",
            "ip_filter": [],
            "labels": {},
            "lifecycle_rule": [],
            "location": "ASIA-NORTHEAST1",
            "logging": [],
            "name": "sandbox-471809-meeting-notes-raw",
            "project": "sandbox-471809",
            "project_number": 29226667525,
            "public_access_prevention": "inherited",
            "requester_pays": false,
            "retention_policy": [],
            "rpo": null,
            "self_link": "https://www.googleapis.com/storage/v1/b/sandbox-471809-meeting-notes-raw",
            "soft_delete_policy": [
              {
                "effective_time": "2025-11-25T03:19:43.944Z",
                "retention_duration_seconds": 604800
              }
            ],
            "storage_class": "STANDARD",
            "terraform_labels": {
              "goog-terraform-provisioned": "true"
            },
            "time_created": "2025-11-25T03:19:43.944Z",
            "timeouts": null,
            "uniform_bucket_level_access": true,
            "updated": "2025-11-25T03:19:43.944Z",
            "url": "gs://sandbox-471809-meeting-notes-raw",
            "versioning": [],
            "website": []
          },
          "sensitive_attributes": [],
          "private": "eyJlMmJmYjczMC1lY2FhLTExZTYtOGY4OC0zNDM2M2JjN2M0YzAiOnsiY3JlYXRlIjo2MDAwMDAwMDAwMDAsInJlYWQiOjI0MDAwMDAwMDAwMCwidXBkYXRlIjoyNDAwMDAwMDAwMDB9LCJzY2hlbWFfdmVyc2lvbiI6IjQifQ=="
        }
      ]
    },
    {
      "mode": "managed",
      "type": "random_id",
      "name": "sa_suffix",
      "provider": "provider[\"registry.terraform.io/hashicorp/random\"]",
      "instances": [
        {
          "schema_version": 0,
          "attributes": {
            "b64_std": "j9ggFA==",
            "b64_url": "j9ggFA",
            "byte_length": 4,
            "dec": "2413305876",
            "hex": "8fd82014",
            "id": "j9ggFA",
            "keepers": null,
            "prefix": null
          },
          "sensitive_attributes": []
        }
      ]
    }
  ],
  "check_results": null
}
